{
  "nodes": {
    "nixCats": {
      "inputs": {
        "nixpkgs": "nixpkgs"
      },
      "locked": {
        "lastModified": 1721051913,
        "narHash": "sha256-glcPH4lYpILzprH5ANJ8gKQVB/QWhJ5ILXN2RDVZGVo=",
        "owner": "BirdeeHub",
        "repo": "nixCats-nvim",
        "rev": "c1bf8d4799e80d91b67672d9a63daaf857de17fd",
        "type": "github"
      },
      "original": {
        "owner": "BirdeeHub",
        "repo": "nixCats-nvim",
        "type": "github"
      }
    },
    "nixpkgs": {
      "locked": {
        "lastModified": 1720906138,
        "narHash": "sha256-tEY8vHDE0psT5qH1RERdZmYGVcMi4yf4WLrBuJ04EBQ=",
        "owner": "nixos",
        "repo": "nixpkgs",
        "rev": "d55afb5fc2e24e0852c9da179fbe2a74a2687697",
        "type": "github"
      },
      "original": {
        "owner": "nixos",
        "ref": "nixpkgs-unstable",
        "repo": "nixpkgs",
        "type": "github"
      }
    },
    "nixpkgs_2": {
      "locked": {
        "lastModified": 1720957393,
        "narHash": "sha256-oedh2RwpjEa+TNxhg5Je9Ch6d3W1NKi7DbRO1ziHemA=",
        "owner": "nixos",
        "repo": "nixpkgs",
        "rev": "693bc46d169f5af9c992095736e82c3488bf7dbb",
        "type": "github"
      },
      "original": {
        "owner": "nixos",
        "ref": "nixos-unstable",
        "repo": "nixpkgs",
        "type": "github"
      }
    },
    "root": {
      "inputs": {
        "nixCats": "nixCats",
        "nixpkgs": "nixpkgs_2"
      }
    }
  },
  "root": "root",
  "version": 7
}
